
Microsoft Visual Studio Solution File, Format Version 12.00
# Visual Studio Version 17
VisualStudioVersion = 17.5.33516.290
MinimumVisualStudioVersion = 10.0.40219.1
Project("{FAE04EC0-301F-11D3-BF4B-00C04F79EFBC}") = "BogusTestApp", "BogusTestApp\BogusTestApp.csproj", "{60DC1268-5405-4296-BD0F-4674E89ABDE4}"
EndProject
Project("{2150E333-8FDC-42A3-9474-1A3956D46DE8}") = "Test용", "Test용", "{FB1F071E-948A-4906-B77C-1E9703F1757E}"
EndProject
Project("{2150E333-8FDC-42A3-9474-1A3956D46DE8}") = "시뮬레이션용", "시뮬레이션용", "{E40AB604-83A0-4C80-B745-E9E615906527}"
EndProject
Global
	GlobalSection(SolutionConfigurationPlatforms) = preSolution
		Debug|Any CPU = Debug|Any CPU
		Release|Any CPU = Release|Any CPU
	EndGlobalSection
	GlobalSection(ProjectConfigurationPlatforms) = postSolution
		{60DC1268-5405-4296-BD0F-4674E89ABDE4}.Debug|Any CPU.ActiveCfg = Debug|Any CPU
		{60DC1268-5405-4296-BD0F-4674E89ABDE4}.Debug|Any CPU.Build.0 = Debug|Any CPU
		{60DC1268-5405-4296-BD0F-4674E89ABDE4}.Release|Any CPU.ActiveCfg = Release|Any CPU
		{60DC1268-5405-4296-BD0F-4674E89ABDE4}.Release|Any CPU.Build.0 = Release|Any CPU
	EndGlobalSection
	GlobalSection(SolutionProperties) = preSolution
		HideSolutionNode = FALSE
	EndGlobalSection
	GlobalSection(NestedProjects) = preSolution
		{E40AB604-83A0-4C80-B745-E9E615906527} = {FB1F071E-948A-4906-B77C-1E9703F1757E}
	EndGlobalSection
	GlobalSection(ExtensibilityGlobals) = postSolution
		SolutionGuid = {D2EB35CB-A880-4CCC-885E-D5D0931CC465}
	EndGlobalSection
EndGlobal
